
Microsoft Visual Studio Solution File, Format Version 12.00
# Visual Studio Version 16
VisualStudioVersion = 16.0.30204.135
MinimumVisualStudioVersion = 10.0.40219.1
Project("{9A19103F-16F7-4668-BE54-9A1E7A4F7556}") = "ImageMarkingSystem", "ImageMarkingSystem\ImageMarkingSystem.csproj", "{BDD1A291-B5B9-45BC-8ED0-C9FCAFF8B67B}"
EndProject
Project("{9A19103F-16F7-4668-BE54-9A1E7A4F7556}") = "ImageMarkingContract", "ImageMarkingContract\ImageMarkingContract.csproj", "{78B91C38-DDE9-4DB7-B574-0994BA7D228C}"
EndProject
Project("{9A19103F-16F7-4668-BE54-9A1E7A4F7556}") = "SignUpService", "SignUpService\SignUpService.csproj", "{EBBF6825-FC96-4043-AD82-9142FC43F1D7}"
EndProject
Project("{9A19103F-16F7-4668-BE54-9A1E7A4F7556}") = "SignInService", "SignInService\SignInService.csproj", "{BE0E2D2A-0D4B-4D79-8CE3-3BDFAA30E3F6}"
EndProject
Project("{9A19103F-16F7-4668-BE54-9A1E7A4F7556}") = "ImageMarkingDocumentsDAL", "ImageMarkingDocumentsDALImpl\ImageMarkingDocumentsDAL.csproj", "{B6BECCCD-B296-47D5-9C3F-6277CAA1EB5A}"
EndProject
Project("{9A19103F-16F7-4668-BE54-9A1E7A4F7556}") = "CreateDocumentsService", "CreateDocumentsService\CreateDocumentsService.csproj", "{97F1985D-AE16-44CF-8CE8-40D8A29D4A87}"
EndProject
Project("{9A19103F-16F7-4668-BE54-9A1E7A4F7556}") = "RemoveDocumentService", "RemoveDocumentService\RemoveDocumentService.csproj", "{268AB981-C74E-42B9-876B-A8967C4374D6}"
EndProject
Project("{9A19103F-16F7-4668-BE54-9A1E7A4F7556}") = "GetDocumentsService", "GetDocumentsService\GetDocumentsService.csproj", "{9EC436A9-1925-4DCF-8209-3650E8E041AE}"
EndProject
Project("{9A19103F-16F7-4668-BE54-9A1E7A4F7556}") = "ImageMarkingShareDocumentsDAL", "ImageMarkingShareDocumentsDAL\ImageMarkingShareDocumentsDAL.csproj", "{89ED6F3E-876C-4D92-B102-AC985C652497}"
EndProject
Project("{9A19103F-16F7-4668-BE54-9A1E7A4F7556}") = "CreateShareDocumentService", "CreateShareDocumentService\CreateShareDocumentService.csproj", "{76C9EBD2-AB08-415C-8DC3-2F1C1F2FBEC6}"
EndProject
Project("{9A19103F-16F7-4668-BE54-9A1E7A4F7556}") = "GetSharedDocumentsService", "GetSharedDocumentsService\GetSharedDocumentsService.csproj", "{7DDE4544-A2DD-4096-8CD6-0C1BD03132DC}"
EndProject
Project("{9A19103F-16F7-4668-BE54-9A1E7A4F7556}") = "UnSubscribeUserService", "UnSubscribeUserService\UnSubscribeUserService.csproj", "{0AD028E9-A68A-42F6-93F3-8846F7EB7780}"
EndProject
Project("{9A19103F-16F7-4668-BE54-9A1E7A4F7556}") = "RemoveShareDocumentService", "RemoveShareDocumentService\RemoveShareDocumentService.csproj", "{05F12551-97FA-4C5D-A487-B5F023875384}"
EndProject
Project("{9A19103F-16F7-4668-BE54-9A1E7A4F7556}") = "UploadImageService", "UploadImageService\UploadImageService.csproj", "{509F134D-133B-43F9-A0EB-20827BC7AE5B}"
EndProject
Project("{9A19103F-16F7-4668-BE54-9A1E7A4F7556}") = "ImageMarkingUsersDAL", "ImageUsersMarkingDAL\ImageMarkingUsersDAL.csproj", "{E6BD6C4A-5D44-4A9F-8FE6-78729DED6105}"
EndProject
Project("{9A19103F-16F7-4668-BE54-9A1E7A4F7556}") = "ImageMarkingMarkerDAL", "ImageMarkingMarkerDAL\ImageMarkingMarkerDAL.csproj", "{A6D4F21E-0F77-456B-87DF-7CD5E103BA5C}"
EndProject
Project("{9A19103F-16F7-4668-BE54-9A1E7A4F7556}") = "CreateMarkerService", "CreateMarkerService\CreateMarkerService.csproj", "{090EEA1E-5E34-487E-AB7A-E427E3D3FCC2}"
EndProject
Project("{9A19103F-16F7-4668-BE54-9A1E7A4F7556}") = "RemoveMakerService", "RemoveMakerService\RemoveMakerService.csproj", "{A27D8601-109D-4905-956A-85C7EFFB9C4E}"
EndProject
Project("{9A19103F-16F7-4668-BE54-9A1E7A4F7556}") = "GetMarkerService", "GetMarkerService\GetMarkerService.csproj", "{CDD111BB-8C74-4B8B-A12E-D9E32ADA7BA4}"
EndProject
Project("{2150E333-8FDC-42A3-9474-1A3956D46DE8}") = "BLL", "BLL", "{6AED87A1-DE1D-46A0-89D0-6C77FFA28D16}"
EndProject
Project("{2150E333-8FDC-42A3-9474-1A3956D46DE8}") = "DAL", "DAL", "{9FD0564C-DC6E-429E-AD88-ED6B9622E2DE}"
EndProject
Project("{2150E333-8FDC-42A3-9474-1A3956D46DE8}") = "Contracts", "Contracts", "{C30FE24C-51B2-4A50-AFA1-C7479AA3D4FC}"
EndProject
Project("{9A19103F-16F7-4668-BE54-9A1E7A4F7556}") = "EditColorsService", "EditColorsService\EditColorsService.csproj", "{CC758006-CDE4-4B87-B147-17312353CFC6}"
EndProject
Project("{9A19103F-16F7-4668-BE54-9A1E7A4F7556}") = "UsersDALTests", "UsersDALTests\UsersDALTests.csproj", "{F73844B7-44CF-4ACF-81BC-64368827AC98}"
EndProject
Project("{9A19103F-16F7-4668-BE54-9A1E7A4F7556}") = "WSService", "WSService\WSService.csproj", "{2DDDBF0F-90FD-46B1-BBF3-F77D4927D457}"
EndProject
Project("{9A19103F-16F7-4668-BE54-9A1E7A4F7556}") = "GetSharedUsersService", "GetSharedUsersService\GetSharedUsersService.csproj", "{DA05EA95-1E96-4A29-89EA-ED3A3636EF3A}"
EndProject
Project("{9A19103F-16F7-4668-BE54-9A1E7A4F7556}") = "GetReciversDocsService", "GetReciversDocsService\GetReciversDocsService.csproj", "{A64EBA6A-0A48-4DD2-9CB3-9AF3A523BDB5}"
EndProject
Project("{9A19103F-16F7-4668-BE54-9A1E7A4F7556}") = "MarkersDALTests", "MarkersDALTests\MarkersDALTests.csproj", "{8CE140FD-887C-4865-9D9C-ABE000562CF0}"
EndProject
Global
	GlobalSection(SolutionConfigurationPlatforms) = preSolution
		Debug|Any CPU = Debug|Any CPU
		Release|Any CPU = Release|Any CPU
	EndGlobalSection
	GlobalSection(ProjectConfigurationPlatforms) = postSolution
		{BDD1A291-B5B9-45BC-8ED0-C9FCAFF8B67B}.Debug|Any CPU.ActiveCfg = Debug|Any CPU
		{BDD1A291-B5B9-45BC-8ED0-C9FCAFF8B67B}.Debug|Any CPU.Build.0 = Debug|Any CPU
		{BDD1A291-B5B9-45BC-8ED0-C9FCAFF8B67B}.Release|Any CPU.ActiveCfg = Release|Any CPU
		{BDD1A291-B5B9-45BC-8ED0-C9FCAFF8B67B}.Release|Any CPU.Build.0 = Release|Any CPU
		{78B91C38-DDE9-4DB7-B574-0994BA7D228C}.Debug|Any CPU.ActiveCfg = Debug|Any CPU
		{78B91C38-DDE9-4DB7-B574-0994BA7D228C}.Debug|Any CPU.Build.0 = Debug|Any CPU
		{78B91C38-DDE9-4DB7-B574-0994BA7D228C}.Release|Any CPU.ActiveCfg = Release|Any CPU
		{78B91C38-DDE9-4DB7-B574-0994BA7D228C}.Release|Any CPU.Build.0 = Release|Any CPU
		{EBBF6825-FC96-4043-AD82-9142FC43F1D7}.Debug|Any CPU.ActiveCfg = Debug|Any CPU
		{EBBF6825-FC96-4043-AD82-9142FC43F1D7}.Debug|Any CPU.Build.0 = Debug|Any CPU
		{EBBF6825-FC96-4043-AD82-9142FC43F1D7}.Release|Any CPU.ActiveCfg = Release|Any CPU
		{EBBF6825-FC96-4043-AD82-9142FC43F1D7}.Release|Any CPU.Build.0 = Release|Any CPU
		{BE0E2D2A-0D4B-4D79-8CE3-3BDFAA30E3F6}.Debug|Any CPU.ActiveCfg = Debug|Any CPU
		{BE0E2D2A-0D4B-4D79-8CE3-3BDFAA30E3F6}.Debug|Any CPU.Build.0 = Debug|Any CPU
		{BE0E2D2A-0D4B-4D79-8CE3-3BDFAA30E3F6}.Release|Any CPU.ActiveCfg = Release|Any CPU
		{BE0E2D2A-0D4B-4D79-8CE3-3BDFAA30E3F6}.Release|Any CPU.Build.0 = Release|Any CPU
		{B6BECCCD-B296-47D5-9C3F-6277CAA1EB5A}.Debug|Any CPU.ActiveCfg = Debug|Any CPU
		{B6BECCCD-B296-47D5-9C3F-6277CAA1EB5A}.Debug|Any CPU.Build.0 = Debug|Any CPU
		{B6BECCCD-B296-47D5-9C3F-6277CAA1EB5A}.Release|Any CPU.ActiveCfg = Release|Any CPU
		{B6BECCCD-B296-47D5-9C3F-6277CAA1EB5A}.Release|Any CPU.Build.0 = Release|Any CPU
		{97F1985D-AE16-44CF-8CE8-40D8A29D4A87}.Debug|Any CPU.ActiveCfg = Debug|Any CPU
		{97F1985D-AE16-44CF-8CE8-40D8A29D4A87}.Debug|Any CPU.Build.0 = Debug|Any CPU
		{97F1985D-AE16-44CF-8CE8-40D8A29D4A87}.Release|Any CPU.ActiveCfg = Release|Any CPU
		{97F1985D-AE16-44CF-8CE8-40D8A29D4A87}.Release|Any CPU.Build.0 = Release|Any CPU
		{268AB981-C74E-42B9-876B-A8967C4374D6}.Debug|Any CPU.ActiveCfg = Debug|Any CPU
		{268AB981-C74E-42B9-876B-A8967C4374D6}.Debug|Any CPU.Build.0 = Debug|Any CPU
		{268AB981-C74E-42B9-876B-A8967C4374D6}.Release|Any CPU.ActiveCfg = Release|Any CPU
		{268AB981-C74E-42B9-876B-A8967C4374D6}.Release|Any CPU.Build.0 = Release|Any CPU
		{9EC436A9-1925-4DCF-8209-3650E8E041AE}.Debug|Any CPU.ActiveCfg = Debug|Any CPU
		{9EC436A9-1925-4DCF-8209-3650E8E041AE}.Debug|Any CPU.Build.0 = Debug|Any CPU
		{9EC436A9-1925-4DCF-8209-3650E8E041AE}.Release|Any CPU.ActiveCfg = Release|Any CPU
		{9EC436A9-1925-4DCF-8209-3650E8E041AE}.Release|Any CPU.Build.0 = Release|Any CPU
		{89ED6F3E-876C-4D92-B102-AC985C652497}.Debug|Any CPU.ActiveCfg = Debug|Any CPU
		{89ED6F3E-876C-4D92-B102-AC985C652497}.Debug|Any CPU.Build.0 = Debug|Any CPU
		{89ED6F3E-876C-4D92-B102-AC985C652497}.Release|Any CPU.ActiveCfg = Release|Any CPU
		{89ED6F3E-876C-4D92-B102-AC985C652497}.Release|Any CPU.Build.0 = Release|Any CPU
		{76C9EBD2-AB08-415C-8DC3-2F1C1F2FBEC6}.Debug|Any CPU.ActiveCfg = Debug|Any CPU
		{76C9EBD2-AB08-415C-8DC3-2F1C1F2FBEC6}.Debug|Any CPU.Build.0 = Debug|Any CPU
		{76C9EBD2-AB08-415C-8DC3-2F1C1F2FBEC6}.Release|Any CPU.ActiveCfg = Release|Any CPU
		{76C9EBD2-AB08-415C-8DC3-2F1C1F2FBEC6}.Release|Any CPU.Build.0 = Release|Any CPU
		{7DDE4544-A2DD-4096-8CD6-0C1BD03132DC}.Debug|Any CPU.ActiveCfg = Debug|Any CPU
		{7DDE4544-A2DD-4096-8CD6-0C1BD03132DC}.Debug|Any CPU.Build.0 = Debug|Any CPU
		{7DDE4544-A2DD-4096-8CD6-0C1BD03132DC}.Release|Any CPU.ActiveCfg = Release|Any CPU
		{7DDE4544-A2DD-4096-8CD6-0C1BD03132DC}.Release|Any CPU.Build.0 = Release|Any CPU
		{0AD028E9-A68A-42F6-93F3-8846F7EB7780}.Debug|Any CPU.ActiveCfg = Debug|Any CPU
		{0AD028E9-A68A-42F6-93F3-8846F7EB7780}.Debug|Any CPU.Build.0 = Debug|Any CPU
		{0AD028E9-A68A-42F6-93F3-8846F7EB7780}.Release|Any CPU.ActiveCfg = Release|Any CPU
		{0AD028E9-A68A-42F6-93F3-8846F7EB7780}.Release|Any CPU.Build.0 = Release|Any CPU
		{05F12551-97FA-4C5D-A487-B5F023875384}.Debug|Any CPU.ActiveCfg = Debug|Any CPU
		{05F12551-97FA-4C5D-A487-B5F023875384}.Debug|Any CPU.Build.0 = Debug|Any CPU
		{05F12551-97FA-4C5D-A487-B5F023875384}.Release|Any CPU.ActiveCfg = Release|Any CPU
		{05F12551-97FA-4C5D-A487-B5F023875384}.Release|Any CPU.Build.0 = Release|Any CPU
		{509F134D-133B-43F9-A0EB-20827BC7AE5B}.Debug|Any CPU.ActiveCfg = Debug|Any CPU
		{509F134D-133B-43F9-A0EB-20827BC7AE5B}.Debug|Any CPU.Build.0 = Debug|Any CPU
		{509F134D-133B-43F9-A0EB-20827BC7AE5B}.Release|Any CPU.ActiveCfg = Release|Any CPU
		{509F134D-133B-43F9-A0EB-20827BC7AE5B}.Release|Any CPU.Build.0 = Release|Any CPU
		{E6BD6C4A-5D44-4A9F-8FE6-78729DED6105}.Debug|Any CPU.ActiveCfg = Debug|Any CPU
		{E6BD6C4A-5D44-4A9F-8FE6-78729DED6105}.Debug|Any CPU.Build.0 = Debug|Any CPU
		{E6BD6C4A-5D44-4A9F-8FE6-78729DED6105}.Release|Any CPU.ActiveCfg = Release|Any CPU
		{E6BD6C4A-5D44-4A9F-8FE6-78729DED6105}.Release|Any CPU.Build.0 = Release|Any CPU
		{A6D4F21E-0F77-456B-87DF-7CD5E103BA5C}.Debug|Any CPU.ActiveCfg = Debug|Any CPU
		{A6D4F21E-0F77-456B-87DF-7CD5E103BA5C}.Debug|Any CPU.Build.0 = Debug|Any CPU
		{A6D4F21E-0F77-456B-87DF-7CD5E103BA5C}.Release|Any CPU.ActiveCfg = Release|Any CPU
		{A6D4F21E-0F77-456B-87DF-7CD5E103BA5C}.Release|Any CPU.Build.0 = Release|Any CPU
		{090EEA1E-5E34-487E-AB7A-E427E3D3FCC2}.Debug|Any CPU.ActiveCfg = Debug|Any CPU
		{090EEA1E-5E34-487E-AB7A-E427E3D3FCC2}.Debug|Any CPU.Build.0 = Debug|Any CPU
		{090EEA1E-5E34-487E-AB7A-E427E3D3FCC2}.Release|Any CPU.ActiveCfg = Release|Any CPU
		{090EEA1E-5E34-487E-AB7A-E427E3D3FCC2}.Release|Any CPU.Build.0 = Release|Any CPU
		{A27D8601-109D-4905-956A-85C7EFFB9C4E}.Debug|Any CPU.ActiveCfg = Debug|Any CPU
		{A27D8601-109D-4905-956A-85C7EFFB9C4E}.Debug|Any CPU.Build.0 = Debug|Any CPU
		{A27D8601-109D-4905-956A-85C7EFFB9C4E}.Release|Any CPU.ActiveCfg = Release|Any CPU
		{A27D8601-109D-4905-956A-85C7EFFB9C4E}.Release|Any CPU.Build.0 = Release|Any CPU
		{CDD111BB-8C74-4B8B-A12E-D9E32ADA7BA4}.Debug|Any CPU.ActiveCfg = Debug|Any CPU
		{CDD111BB-8C74-4B8B-A12E-D9E32ADA7BA4}.Debug|Any CPU.Build.0 = Debug|Any CPU
		{CDD111BB-8C74-4B8B-A12E-D9E32ADA7BA4}.Release|Any CPU.ActiveCfg = Release|Any CPU
		{CDD111BB-8C74-4B8B-A12E-D9E32ADA7BA4}.Release|Any CPU.Build.0 = Release|Any CPU
		{CC758006-CDE4-4B87-B147-17312353CFC6}.Debug|Any CPU.ActiveCfg = Debug|Any CPU
		{CC758006-CDE4-4B87-B147-17312353CFC6}.Debug|Any CPU.Build.0 = Debug|Any CPU
		{CC758006-CDE4-4B87-B147-17312353CFC6}.Release|Any CPU.ActiveCfg = Release|Any CPU
		{CC758006-CDE4-4B87-B147-17312353CFC6}.Release|Any CPU.Build.0 = Release|Any CPU
		{F73844B7-44CF-4ACF-81BC-64368827AC98}.Debug|Any CPU.ActiveCfg = Debug|Any CPU
		{F73844B7-44CF-4ACF-81BC-64368827AC98}.Debug|Any CPU.Build.0 = Debug|Any CPU
		{F73844B7-44CF-4ACF-81BC-64368827AC98}.Release|Any CPU.ActiveCfg = Release|Any CPU
		{F73844B7-44CF-4ACF-81BC-64368827AC98}.Release|Any CPU.Build.0 = Release|Any CPU
		{2DDDBF0F-90FD-46B1-BBF3-F77D4927D457}.Debug|Any CPU.ActiveCfg = Debug|Any CPU
		{2DDDBF0F-90FD-46B1-BBF3-F77D4927D457}.Debug|Any CPU.Build.0 = Debug|Any CPU
		{2DDDBF0F-90FD-46B1-BBF3-F77D4927D457}.Release|Any CPU.ActiveCfg = Release|Any CPU
		{2DDDBF0F-90FD-46B1-BBF3-F77D4927D457}.Release|Any CPU.Build.0 = Release|Any CPU
		{DA05EA95-1E96-4A29-89EA-ED3A3636EF3A}.Debug|Any CPU.ActiveCfg = Debug|Any CPU
		{DA05EA95-1E96-4A29-89EA-ED3A3636EF3A}.Debug|Any CPU.Build.0 = Debug|Any CPU
		{DA05EA95-1E96-4A29-89EA-ED3A3636EF3A}.Release|Any CPU.ActiveCfg = Release|Any CPU
		{DA05EA95-1E96-4A29-89EA-ED3A3636EF3A}.Release|Any CPU.Build.0 = Release|Any CPU
		{A64EBA6A-0A48-4DD2-9CB3-9AF3A523BDB5}.Debug|Any CPU.ActiveCfg = Debug|Any CPU
		{A64EBA6A-0A48-4DD2-9CB3-9AF3A523BDB5}.Debug|Any CPU.Build.0 = Debug|Any CPU
		{A64EBA6A-0A48-4DD2-9CB3-9AF3A523BDB5}.Release|Any CPU.ActiveCfg = Release|Any CPU
		{A64EBA6A-0A48-4DD2-9CB3-9AF3A523BDB5}.Release|Any CPU.Build.0 = Release|Any CPU
		{8CE140FD-887C-4865-9D9C-ABE000562CF0}.Debug|Any CPU.ActiveCfg = Debug|Any CPU
		{8CE140FD-887C-4865-9D9C-ABE000562CF0}.Debug|Any CPU.Build.0 = Debug|Any CPU
		{8CE140FD-887C-4865-9D9C-ABE000562CF0}.Release|Any CPU.ActiveCfg = Release|Any CPU
		{8CE140FD-887C-4865-9D9C-ABE000562CF0}.Release|Any CPU.Build.0 = Release|Any CPU
	EndGlobalSection
	GlobalSection(SolutionProperties) = preSolution
		HideSolutionNode = FALSE
	EndGlobalSection
	GlobalSection(NestedProjects) = preSolution
		{78B91C38-DDE9-4DB7-B574-0994BA7D228C} = {C30FE24C-51B2-4A50-AFA1-C7479AA3D4FC}
		{EBBF6825-FC96-4043-AD82-9142FC43F1D7} = {6AED87A1-DE1D-46A0-89D0-6C77FFA28D16}
		{BE0E2D2A-0D4B-4D79-8CE3-3BDFAA30E3F6} = {6AED87A1-DE1D-46A0-89D0-6C77FFA28D16}
		{B6BECCCD-B296-47D5-9C3F-6277CAA1EB5A} = {9FD0564C-DC6E-429E-AD88-ED6B9622E2DE}
		{97F1985D-AE16-44CF-8CE8-40D8A29D4A87} = {6AED87A1-DE1D-46A0-89D0-6C77FFA28D16}
		{268AB981-C74E-42B9-876B-A8967C4374D6} = {6AED87A1-DE1D-46A0-89D0-6C77FFA28D16}
		{9EC436A9-1925-4DCF-8209-3650E8E041AE} = {6AED87A1-DE1D-46A0-89D0-6C77FFA28D16}
		{89ED6F3E-876C-4D92-B102-AC985C652497} = {9FD0564C-DC6E-429E-AD88-ED6B9622E2DE}
		{76C9EBD2-AB08-415C-8DC3-2F1C1F2FBEC6} = {6AED87A1-DE1D-46A0-89D0-6C77FFA28D16}
		{7DDE4544-A2DD-4096-8CD6-0C1BD03132DC} = {6AED87A1-DE1D-46A0-89D0-6C77FFA28D16}
		{0AD028E9-A68A-42F6-93F3-8846F7EB7780} = {6AED87A1-DE1D-46A0-89D0-6C77FFA28D16}
		{05F12551-97FA-4C5D-A487-B5F023875384} = {6AED87A1-DE1D-46A0-89D0-6C77FFA28D16}
		{509F134D-133B-43F9-A0EB-20827BC7AE5B} = {6AED87A1-DE1D-46A0-89D0-6C77FFA28D16}
		{E6BD6C4A-5D44-4A9F-8FE6-78729DED6105} = {9FD0564C-DC6E-429E-AD88-ED6B9622E2DE}
		{A6D4F21E-0F77-456B-87DF-7CD5E103BA5C} = {9FD0564C-DC6E-429E-AD88-ED6B9622E2DE}
		{090EEA1E-5E34-487E-AB7A-E427E3D3FCC2} = {6AED87A1-DE1D-46A0-89D0-6C77FFA28D16}
		{A27D8601-109D-4905-956A-85C7EFFB9C4E} = {6AED87A1-DE1D-46A0-89D0-6C77FFA28D16}
		{CDD111BB-8C74-4B8B-A12E-D9E32ADA7BA4} = {6AED87A1-DE1D-46A0-89D0-6C77FFA28D16}
		{CC758006-CDE4-4B87-B147-17312353CFC6} = {6AED87A1-DE1D-46A0-89D0-6C77FFA28D16}
		{F73844B7-44CF-4ACF-81BC-64368827AC98} = {9FD0564C-DC6E-429E-AD88-ED6B9622E2DE}
		{2DDDBF0F-90FD-46B1-BBF3-F77D4927D457} = {6AED87A1-DE1D-46A0-89D0-6C77FFA28D16}
		{DA05EA95-1E96-4A29-89EA-ED3A3636EF3A} = {6AED87A1-DE1D-46A0-89D0-6C77FFA28D16}
		{A64EBA6A-0A48-4DD2-9CB3-9AF3A523BDB5} = {6AED87A1-DE1D-46A0-89D0-6C77FFA28D16}
		{8CE140FD-887C-4865-9D9C-ABE000562CF0} = {9FD0564C-DC6E-429E-AD88-ED6B9622E2DE}
	EndGlobalSection
	GlobalSection(ExtensibilityGlobals) = postSolution
		SolutionGuid = {9DE840D0-B279-4359-B08C-7427AD7E40A3}
	EndGlobalSection
EndGlobal
